
Microsoft Visual Studio Solution File, Format Version 12.00
# Visual Studio Version 17
VisualStudioVersion = 17.9.34607.119
MinimumVisualStudioVersion = 10.0.40219.1
Project("{FAE04EC0-301F-11D3-BF4B-00C04F79EFBC}") = "Week_3", "Week_3.csproj", "{CFE4D29B-EEAD-4A0B-8D05-B8E3BCAFB550}"
EndProject
Global
	GlobalSection(SolutionConfigurationPlatforms) = preSolution
		Debug|Any CPU = Debug|Any CPU
		Release|Any CPU = Release|Any CPU
	EndGlobalSection
	GlobalSection(ProjectConfigurationPlatforms) = postSolution
		{CFE4D29B-EEAD-4A0B-8D05-B8E3BCAFB550}.Debug|Any CPU.ActiveCfg = Debug|Any CPU
		{CFE4D29B-EEAD-4A0B-8D05-B8E3BCAFB550}.Debug|Any CPU.Build.0 = Debug|Any CPU
		{CFE4D29B-EEAD-4A0B-8D05-B8E3BCAFB550}.Release|Any CPU.ActiveCfg = Release|Any CPU
		{CFE4D29B-EEAD-4A0B-8D05-B8E3BCAFB550}.Release|Any CPU.Build.0 = Release|Any CPU
	EndGlobalSection
	GlobalSection(SolutionProperties) = preSolution
		HideSolutionNode = FALSE
	EndGlobalSection
	GlobalSection(ExtensibilityGlobals) = postSolution
		SolutionGuid = {FFF73044-8F83-402F-8700-DAD5E0AC5D82}
	EndGlobalSection
EndGlobal
